
Microsoft Visual Studio Solution File, Format Version 12.00
# Visual Studio Version 17
VisualStudioVersion = 17.0.31903.59
MinimumVisualStudioVersion = 10.0.40219.1
Project("{FAE04EC0-301F-11D3-BF4B-00C04F79EFBC}") = "TaxPrepAu.Api", "src\backend\TaxPrepAu.Api\TaxPrepAu.Api.csproj", "{0C9BEA2F-9BB9-4FBD-B7BA-AD46D1AF9DB1}"
EndProject
Project("{2150E333-8FDC-42A3-9474-1A3956D46DE8}") = "tests", "tests", "{87252E90-8A6E-4934-93B3-3FDDA3BC459E}"
EndProject
Project("{FAE04EC0-301F-11D3-BF4B-00C04F79EFBC}") = "TaxPrepAu.Api.Tests", "tests\TaxPrepAu.Api.Tests\TaxPrepAu.Api.Tests.csproj", "{3E7D0B4C-A30B-4ED1-8D83-0C48F5755B3C}"
EndProject
Global
	GlobalSection(SolutionConfigurationPlatforms) = preSolution
		Debug|Any CPU = Debug|Any CPU
		Release|Any CPU = Release|Any CPU
	EndGlobalSection
	GlobalSection(ProjectConfigurationPlatforms) = postSolution
		{0C9BEA2F-9BB9-4FBD-B7BA-AD46D1AF9DB1}.Debug|Any CPU.ActiveCfg = Debug|Any CPU
		{0C9BEA2F-9BB9-4FBD-B7BA-AD46D1AF9DB1}.Debug|Any CPU.Build.0 = Debug|Any CPU
		{0C9BEA2F-9BB9-4FBD-B7BA-AD46D1AF9DB1}.Release|Any CPU.ActiveCfg = Release|Any CPU
		{0C9BEA2F-9BB9-4FBD-B7BA-AD46D1AF9DB1}.Release|Any CPU.Build.0 = Release|Any CPU
		{3E7D0B4C-A30B-4ED1-8D83-0C48F5755B3C}.Debug|Any CPU.ActiveCfg = Debug|Any CPU
		{3E7D0B4C-A30B-4ED1-8D83-0C48F5755B3C}.Debug|Any CPU.Build.0 = Debug|Any CPU
		{3E7D0B4C-A30B-4ED1-8D83-0C48F5755B3C}.Release|Any CPU.ActiveCfg = Release|Any CPU
		{3E7D0B4C-A30B-4ED1-8D83-0C48F5755B3C}.Release|Any CPU.Build.0 = Release|Any CPU
	EndGlobalSection
	GlobalSection(NestedProjects) = preSolution
		{3E7D0B4C-A30B-4ED1-8D83-0C48F5755B3C} = {87252E90-8A6E-4934-93B3-3FDDA3BC459E}
	EndGlobalSection
EndGlobal
